{
  "name": "eww",
  "lockfileVersion": 3,
  "requires": true,
  "packages": {
    "": {
      "dependencies": {
        "@catppuccin/palette": "^1.0.1"
      }
    },
    "node_modules/@catppuccin/palette": {
      "version": "1.0.1",
      "resolved": "https://registry.npmjs.org/@catppuccin/palette/-/palette-1.0.1.tgz",
      "integrity": "sha512-aCVFn6j2HnN6M/yk4co67rF/EWrXhZO2qpJUJd6Xsz8t1BF6PbmftM8Gz3wFHPfUdTogU0dUiKs+YsW19hJ8mQ==",
      "funding": [
        {
          "type": "opencollective",
          "url": "https://opencollective.com/catppuccin"
        },
        {
          "type": "github",
          "url": "https://github.com/sponsors/catppuccin"
        }
      ]
    }
  }
}
